{
  "originHash" : "ee7c003009be90cc7b01bf6545d88f8809d973b11d0e141b93f19060205b211f",
  "pins" : [
    {
      "identity" : "sdwebimage",
      "kind" : "remoteSourceControl",
      "location" : "https://github.com/dreampiggy/SDWebImage.git",
      "state" : {
        "branch" : "bugfix/sd_svg_macos",
        "revision" : "095fc63f8a74a5e5fde06de3511c169a0d583e91"
      }
    },
    {
      "identity" : "sdwebimagesvgcoder",
      "kind" : "remoteSourceControl",
      "location" : "https://github.com/SDWebImage/SDWebImageSVGCoder.git",
      "state" : {
        "revision" : "950167445ab703740569869c8b7510efc9d09a26",
        "version" : "1.7.0"
      }
    }
  ],
  "version" : 3
}
